[ "cowboy": {:git, "git://github.com/extend/cowboy.git", "2e5eb16f3b827870beb45d2538a0cddc73251a51", []},
  "dynamo": {:git, "git://github.com/elixir-lang/dynamo.git", "b2028411346ab95a468c5bda751cc4548c983a1b", []},
  "mimetypes": {:git, "git://github.com/spawngrid/mimetypes.git", "47d37a977a7d633199822bf6b08353007483d00f", []},
  "ranch": {:git, "git://github.com/extend/ranch.git", "41705752ffc7e3ecb96eef8374015ead4ca7f699", [{:ref, "0.8.5"}]} ]
